
Microsoft Visual Studio Solution File, Format Version 12.00
# Visual Studio 2012
Project("{FAE04EC0-301F-11D3-BF4B-00C04F79EFBC}") = "SQLiteSample", "SQLiteSample\SQLiteSample.csproj", "{1AB25CD0-A7C6-4D7B-87E5-92047C47565C}"
EndProject
Global
	GlobalSection(SolutionConfigurationPlatforms) = preSolution
		Debug|Any CPU = Debug|Any CPU
		Release|Any CPU = Release|Any CPU
		Debug|iPhoneSimulator = Debug|iPhoneSimulator
		Release|iPhoneSimulator = Release|iPhoneSimulator
		Debug|iPhone = Debug|iPhone
		Release|iPhone = Release|iPhone
		Ad-Hoc|iPhone = Ad-Hoc|iPhone
		AppStore|iPhone = AppStore|iPhone
	EndGlobalSection
	GlobalSection(ProjectConfigurationPlatforms) = postSolution
		{1AB25CD0-A7C6-4D7B-87E5-92047C47565C}.Debug|Any CPU.ActiveCfg = Debug|Any CPU
		{1AB25CD0-A7C6-4D7B-87E5-92047C47565C}.Debug|Any CPU.Build.0 = Debug|Any CPU
		{1AB25CD0-A7C6-4D7B-87E5-92047C47565C}.Release|Any CPU.ActiveCfg = Release|Any CPU
		{1AB25CD0-A7C6-4D7B-87E5-92047C47565C}.Release|Any CPU.Build.0 = Release|Any CPU
		{1AB25CD0-A7C6-4D7B-87E5-92047C47565C}.Debug|iPhoneSimulator.ActiveCfg = Debug|Any CPU
		{1AB25CD0-A7C6-4D7B-87E5-92047C47565C}.Debug|iPhoneSimulator.Build.0 = Debug|Any CPU
		{1AB25CD0-A7C6-4D7B-87E5-92047C47565C}.Release|iPhoneSimulator.ActiveCfg = Release|Any CPU
		{1AB25CD0-A7C6-4D7B-87E5-92047C47565C}.Release|iPhoneSimulator.Build.0 = Release|Any CPU
		{1AB25CD0-A7C6-4D7B-87E5-92047C47565C}.Debug|iPhone.ActiveCfg = Debug|Any CPU
		{1AB25CD0-A7C6-4D7B-87E5-92047C47565C}.Debug|iPhone.Build.0 = Debug|Any CPU
		{1AB25CD0-A7C6-4D7B-87E5-92047C47565C}.Release|iPhone.ActiveCfg = Release|Any CPU
		{1AB25CD0-A7C6-4D7B-87E5-92047C47565C}.Release|iPhone.Build.0 = Release|Any CPU
		{1AB25CD0-A7C6-4D7B-87E5-92047C47565C}.Ad-Hoc|iPhone.ActiveCfg = Debug|Any CPU
		{1AB25CD0-A7C6-4D7B-87E5-92047C47565C}.Ad-Hoc|iPhone.Build.0 = Debug|Any CPU
		{1AB25CD0-A7C6-4D7B-87E5-92047C47565C}.AppStore|iPhone.ActiveCfg = Debug|Any CPU
		{1AB25CD0-A7C6-4D7B-87E5-92047C47565C}.AppStore|iPhone.Build.0 = Debug|Any CPU
	EndGlobalSection
EndGlobal
